
Microsoft Visual Studio Solution File, Format Version 12.00
# Visual Studio Version 17
VisualStudioVersion = 17.2.32602.215
MinimumVisualStudioVersion = 10.0.40219.1
Project("{F184B08F-C81C-45F6-A57F-5ABD9991F28F}") = "Q2aaa", "Q2aaa\Q2aaa.vbproj", "{F44F40C8-2783-4DAD-8710-03B75349E742}"
EndProject
Global
	GlobalSection(SolutionConfigurationPlatforms) = preSolution
		Debug|Any CPU = Debug|Any CPU
		Release|Any CPU = Release|Any CPU
	EndGlobalSection
	GlobalSection(ProjectConfigurationPlatforms) = postSolution
		{F44F40C8-2783-4DAD-8710-03B75349E742}.Debug|Any CPU.ActiveCfg = Debug|Any CPU
		{F44F40C8-2783-4DAD-8710-03B75349E742}.Debug|Any CPU.Build.0 = Debug|Any CPU
		{F44F40C8-2783-4DAD-8710-03B75349E742}.Release|Any CPU.ActiveCfg = Release|Any CPU
		{F44F40C8-2783-4DAD-8710-03B75349E742}.Release|Any CPU.Build.0 = Release|Any CPU
	EndGlobalSection
	GlobalSection(SolutionProperties) = preSolution
		HideSolutionNode = FALSE
	EndGlobalSection
	GlobalSection(ExtensibilityGlobals) = postSolution
		SolutionGuid = {11124FE7-A916-4BF0-9D68-E11B3A84C2DA}
	EndGlobalSection
EndGlobal
